// !$*UTF8*$!
{
	archiveVersion = 1;
	classes = {
	};
	objectVersion = 46;
	objects = {

/* Begin PBXBuildFile section */
		5AF319F2FC6B509E9052F58B /* Pods_Zanga_0_2UITests.framework in Frameworks */ = {isa = PBXBuildFile; fileRef = D768F7720529CC9F5E185985 /* Pods_Zanga_0_2UITests.framework */; };
		69946CDE456B87B7355275AE /* Pods_Zanga_0_2.framework in Frameworks */ = {isa = PBXBuildFile; fileRef = DDB1959090367648CBF2C35F /* Pods_Zanga_0_2.framework */; };
		DA03F4B91CF8141A00DE0C33 /* SideMenuTableViewCell.swift in Sources */ = {isa = PBXBuildFile; fileRef = DA03F4B71CF8141A00DE0C33 /* SideMenuTableViewCell.swift */; };
		DA03F4BA1CF8141A00DE0C33 /* SideMenuTableViewCell.xib in Resources */ = {isa = PBXBuildFile; fileRef = DA03F4B81CF8141A00DE0C33 /* SideMenuTableViewCell.xib */; };
		DA1287F41CF1565F00DE6527 /* SWRevealViewController.m in Sources */ = {isa = PBXBuildFile; fileRef = DA1287F31CF1565F00DE6527 /* SWRevealViewController.m */; };
		DA19F3171D67945200278FA2 /* myExtensions.swift in Sources */ = {isa = PBXBuildFile; fileRef = DA19F3161D67945200278FA2 /* myExtensions.swift */; };
		DA19F32F1D67A26900278FA2 /* notifications-icon.png in Resources */ = {isa = PBXBuildFile; fileRef = DA19F32E1D67A26900278FA2 /* notifications-icon.png */; };
		DA19F3311D67A2AA00278FA2 /* search.png in Resources */ = {isa = PBXBuildFile; fileRef = DA19F3301D67A2AA00278FA2 /* search.png */; };
		DA19F3331D67A2EC00278FA2 /* saved.png in Resources */ = {isa = PBXBuildFile; fileRef = DA19F3321D67A2EC00278FA2 /* saved.png */; };
		DA19F33B1D67AF6600278FA2 /* add-icon.png in Resources */ = {isa = PBXBuildFile; fileRef = DA19F33A1D67AF6600278FA2 /* add-icon.png */; };
		DA19F33D1D67BCE800278FA2 /* CustomTabBarController.swift in Sources */ = {isa = PBXBuildFile; fileRef = DA19F33C1D67BCE800278FA2 /* CustomTabBarController.swift */; };
		DA19F3461D6BA20F00278FA2 /* privateEvent-icon.png in Resources */ = {isa = PBXBuildFile; fileRef = DA19F3441D6BA20F00278FA2 /* privateEvent-icon.png */; };
		DA19F3471D6BA20F00278FA2 /* publicEvent-icon.png in Resources */ = {isa = PBXBuildFile; fileRef = DA19F3451D6BA20F00278FA2 /* publicEvent-icon.png */; };
		DA19F3491D6BD9C300278FA2 /* CreateEvent.storyboard in Resources */ = {isa = PBXBuildFile; fileRef = DA19F3481D6BD9C300278FA2 /* CreateEvent.storyboard */; };
		DA19F34B1D6C3F9200278FA2 /* CreatePublicEventViewController.swift in Sources */ = {isa = PBXBuildFile; fileRef = DA19F34A1D6C3F9200278FA2 /* CreatePublicEventViewController.swift */; };
		DA19F34D1D6C3FA800278FA2 /* CreatePrivateEventViewController.swift in Sources */ = {isa = PBXBuildFile; fileRef = DA19F34C1D6C3FA800278FA2 /* CreatePrivateEventViewController.swift */; };
		DA19F34F1D6F4D6600278FA2 /* NotificationsTableViewController.swift in Sources */ = {isa = PBXBuildFile; fileRef = DA19F34E1D6F4D6600278FA2 /* NotificationsTableViewController.swift */; };
		DA19F3511D768A0100278FA2 /* LoginViewController.swift in Sources */ = {isa = PBXBuildFile; fileRef = DA19F3501D768A0100278FA2 /* LoginViewController.swift */; };
		DA19F3531D769AA300278FA2 /* SignLoginViewController.swift in Sources */ = {isa = PBXBuildFile; fileRef = DA19F3521D769AA300278FA2 /* SignLoginViewController.swift */; };
		DA19F3551D76A4FA00278FA2 /* logo.png in Resources */ = {isa = PBXBuildFile; fileRef = DA19F3541D76A4FA00278FA2 /* logo.png */; };
		DA19F3571D76BF5500278FA2 /* password-icon.png in Resources */ = {isa = PBXBuildFile; fileRef = DA19F3561D76BF5500278FA2 /* password-icon.png */; };
		DA19F3591D76BF5900278FA2 /* Email-Icon.png in Resources */ = {isa = PBXBuildFile; fileRef = DA19F3581D76BF5900278FA2 /* Email-Icon.png */; };
		DA30EB081D46CFD5001AF178 /* Event.swift in Sources */ = {isa = PBXBuildFile; fileRef = DA30EB071D46CFD5001AF178 /* Event.swift */; };
		DA30EB0B1D46E9C1001AF178 /* SchoolTableViewCell.swift in Sources */ = {isa = PBXBuildFile; fileRef = DA30EB091D46E9C1001AF178 /* SchoolTableViewCell.swift */; };
		DA30EB0F1D46EA17001AF178 /* SchoolTableViewController.swift in Sources */ = {isa = PBXBuildFile; fileRef = DA30EB0D1D46EA17001AF178 /* SchoolTableViewController.swift */; };
		DA30EB361D471061001AF178 /* MKAnnotationView+WebCache.m in Sources */ = {isa = PBXBuildFile; fileRef = DA30EB161D471061001AF178 /* MKAnnotationView+WebCache.m */; };
		DA30EB371D471061001AF178 /* NSData+ImageContentType.m in Sources */ = {isa = PBXBuildFile; fileRef = DA30EB181D471061001AF178 /* NSData+ImageContentType.m */; };
		DA30EB381D471061001AF178 /* SDImageCache.m in Sources */ = {isa = PBXBuildFile; fileRef = DA30EB1A1D471061001AF178 /* SDImageCache.m */; };
		DA30EB391D471061001AF178 /* SDWebImageCompat.m in Sources */ = {isa = PBXBuildFile; fileRef = DA30EB1C1D471061001AF178 /* SDWebImageCompat.m */; };
		DA30EB3A1D471062001AF178 /* SDWebImageDecoder.m in Sources */ = {isa = PBXBuildFile; fileRef = DA30EB1E1D471061001AF178 /* SDWebImageDecoder.m */; };
		DA30EB3B1D471062001AF178 /* SDWebImageDownloader.m in Sources */ = {isa = PBXBuildFile; fileRef = DA30EB201D471061001AF178 /* SDWebImageDownloader.m */; };
		DA30EB3C1D471062001AF178 /* SDWebImageDownloaderOperation.m in Sources */ = {isa = PBXBuildFile; fileRef = DA30EB221D471061001AF178 /* SDWebImageDownloaderOperation.m */; };
		DA30EB3D1D471062001AF178 /* SDWebImageManager.m in Sources */ = {isa = PBXBuildFile; fileRef = DA30EB241D471061001AF178 /* SDWebImageManager.m */; };
		DA30EB3E1D471062001AF178 /* SDWebImagePrefetcher.m in Sources */ = {isa = PBXBuildFile; fileRef = DA30EB271D471061001AF178 /* SDWebImagePrefetcher.m */; };
		DA30EB3F1D471062001AF178 /* UIButton+WebCache.m in Sources */ = {isa = PBXBuildFile; fileRef = DA30EB291D471061001AF178 /* UIButton+WebCache.m */; };
		DA30EB401D471062001AF178 /* UIImage+GIF.m in Sources */ = {isa = PBXBuildFile; fileRef = DA30EB2B1D471061001AF178 /* UIImage+GIF.m */; };
		DA30EB411D471062001AF178 /* UIImage+MultiFormat.m in Sources */ = {isa = PBXBuildFile; fileRef = DA30EB2D1D471061001AF178 /* UIImage+MultiFormat.m */; };
		DA30EB421D471062001AF178 /* UIImage+WebP.m in Sources */ = {isa = PBXBuildFile; fileRef = DA30EB2F1D471061001AF178 /* UIImage+WebP.m */; };
		DA30EB431D471062001AF178 /* UIImageView+HighlightedWebCache.m in Sources */ = {isa = PBXBuildFile; fileRef = DA30EB311D471061001AF178 /* UIImageView+HighlightedWebCache.m */; };
		DA30EB441D471062001AF178 /* UIImageView+WebCache.m in Sources */ = {isa = PBXBuildFile; fileRef = DA30EB331D471061001AF178 /* UIImageView+WebCache.m */; };
		DA30EB451D471062001AF178 /* UIView+WebCacheOperation.m in Sources */ = {isa = PBXBuildFile; fileRef = DA30EB351D471061001AF178 /* UIView+WebCacheOperation.m */; };
		DA8527DF1CEEE956001EEA31 /* PersonalProfileViewController.swift in Sources */ = {isa = PBXBuildFile; fileRef = DA8527DE1CEEE956001EEA31 /* PersonalProfileViewController.swift */; };
		DA8587BB1D471A9800D600C2 /* placeholder.jpg in Resources */ = {isa = PBXBuildFile; fileRef = DA8587BA1D471A9800D600C2 /* placeholder.jpg */; };
		DA8587BF1D47367700D600C2 /* SchoolTableViewCell.xib in Resources */ = {isa = PBXBuildFile; fileRef = DA8587BE1D47367700D600C2 /* SchoolTableViewCell.xib */; };
		DA8587C11D4AF94C00D600C2 /* SchoolEventTableView.storyboard in Resources */ = {isa = PBXBuildFile; fileRef = DA8587C01D4AF94C00D600C2 /* SchoolEventTableView.storyboard */; };
		DA8587C31D4AFBC600D600C2 /* SchoolEvent_StoryBoardTableViewCell.swift in Sources */ = {isa = PBXBuildFile; fileRef = DA8587C21D4AFBC600D600C2 /* SchoolEvent_StoryBoardTableViewCell.swift */; };
		DA8587C51D4C0C6A00D600C2 /* StyleSheet.swift in Sources */ = {isa = PBXBuildFile; fileRef = DA8587C41D4C0C6A00D600C2 /* StyleSheet.swift */; };
		DA8587CB1D4DB60D00D600C2 /* EventInfoViewController.swift in Sources */ = {isa = PBXBuildFile; fileRef = DA8587CA1D4DB60D00D600C2 /* EventInfoViewController.swift */; };
		DA8DBA201D7A9D55002CF215 /* FBSDKCoreKit.framework in Frameworks */ = {isa = PBXBuildFile; fileRef = DA8DBA1D1D7A9D55002CF215 /* FBSDKCoreKit.framework */; };
		DA8DBA211D7A9D55002CF215 /* FBSDKLoginKit.framework in Frameworks */ = {isa = PBXBuildFile; fileRef = DA8DBA1E1D7A9D55002CF215 /* FBSDKLoginKit.framework */; };
		DA8DBA221D7A9D55002CF215 /* FBSDKShareKit.framework in Frameworks */ = {isa = PBXBuildFile; fileRef = DA8DBA1F1D7A9D55002CF215 /* FBSDKShareKit.framework */; };
		DAA6A3FE1CEE2C000061DFE1 /* AppDelegate.swift in Sources */ = {isa = PBXBuildFile; fileRef = DAA6A3FD1CEE2C000061DFE1 /* AppDelegate.swift */; };
		DAA6A4071CEE2C000061DFE1 /* Assets.xcassets in Resources */ = {isa = PBXBuildFile; fileRef = DAA6A4061CEE2C000061DFE1 /* Assets.xcassets */; };
		DAA6A40A1CEE2C000061DFE1 /* LaunchScreen.storyboard in Resources */ = {isa = PBXBuildFile; fileRef = DAA6A4081CEE2C000061DFE1 /* LaunchScreen.storyboard */; };
		DAA6A4151CEE2C000061DFE1 /* Zanga_0_2Tests.swift in Sources */ = {isa = PBXBuildFile; fileRef = DAA6A4141CEE2C000061DFE1 /* Zanga_0_2Tests.swift */; };
		DAA6A4201CEE2C000061DFE1 /* Zanga_0_2UITests.swift in Sources */ = {isa = PBXBuildFile; fileRef = DAA6A41F1CEE2C000061DFE1 /* Zanga_0_2UITests.swift */; };
		DAA6A4341CEE2FD40061DFE1 /* icon-profile.png in Resources */ = {isa = PBXBuildFile; fileRef = DAA6A4331CEE2FD40061DFE1 /* icon-profile.png */; };
		DAA6A4441CEE3FE50061DFE1 /* Profile.storyboard in Resources */ = {isa = PBXBuildFile; fileRef = DAA6A4431CEE3FE50061DFE1 /* Profile.storyboard */; };
		DAA6A4461CEE46EC0061DFE1 /* MyCrowdTableViewController.swift in Sources */ = {isa = PBXBuildFile; fileRef = DAA6A4451CEE46EC0061DFE1 /* MyCrowdTableViewController.swift */; };
		DAA6A4491CEE47B30061DFE1 /* InvitationsTableViewController.swift in Sources */ = {isa = PBXBuildFile; fileRef = DAA6A4481CEE47B30061DFE1 /* InvitationsTableViewController.swift */; };
		DAA6A44B1CEE489F0061DFE1 /* HostingTableViewController.swift in Sources */ = {isa = PBXBuildFile; fileRef = DAA6A44A1CEE489F0061DFE1 /* HostingTableViewController.swift */; };
		DAA6A44D1CEE515D0061DFE1 /* CAPSPageMenu.swift in Sources */ = {isa = PBXBuildFile; fileRef = DAA6A44C1CEE515D0061DFE1 /* CAPSPageMenu.swift */; };
		DAD7FFF01CF172B800375BFE /* SideMenuTableViewController.swift in Sources */ = {isa = PBXBuildFile; fileRef = DAD7FFEF1CF172B800375BFE /* SideMenuTableViewController.swift */; };
		DAE0CBB41CEE787B00FE69E3 /* ProfileViewController.swift in Sources */ = {isa = PBXBuildFile; fileRef = DAE0CBB31CEE787B00FE69E3 /* ProfileViewController.swift */; };
		DAE0CBB81CEE9C3C00FE69E3 /* Main.storyboard in Resources */ = {isa = PBXBuildFile; fileRef = DAE0CBB71CEE9C3C00FE69E3 /* Main.storyboard */; };
		DAE0CBBC1CEED7D400FE69E3 /* EventsViewController.swift in Sources */ = {isa = PBXBuildFile; fileRef = DAE0CBBB1CEED7D400FE69E3 /* EventsViewController.swift */; };
		DAE0CBC11CEED8B300FE69E3 /* NotSchoolTableViewController.swift in Sources */ = {isa = PBXBuildFile; fileRef = DAE0CBC01CEED8B300FE69E3 /* NotSchoolTableViewController.swift */; };
		DAE0CBC31CEED8C300FE69E3 /* MyEventsTableViewController.swift in Sources */ = {isa = PBXBuildFile; fileRef = DAE0CBC21CEED8C300FE69E3 /* MyEventsTableViewController.swift */; };
		DAE0CBC51CEEDA1800FE69E3 /* CreateEventViewController.swift in Sources */ = {isa = PBXBuildFile; fileRef = DAE0CBC41CEEDA1800FE69E3 /* CreateEventViewController.swift */; };
		E4834401F62DFE87B57C70D5 /* Pods_Zanga_0_2Tests.framework in Frameworks */ = {isa = PBXBuildFile; fileRef = E54CAC460913195039FAEFE4 /* Pods_Zanga_0_2Tests.framework */; };
/* End PBXBuildFile section */

/* Begin PBXContainerItemProxy section */
		DAA6A4111CEE2C000061DFE1 /* PBXContainerItemProxy */ = {
			isa = PBXContainerItemProxy;
			containerPortal = DAA6A3F21CEE2C000061DFE1 /* Project object */;
			proxyType = 1;
			remoteGlobalIDString = DAA6A3F91CEE2C000061DFE1;
			remoteInfo = Zanga_0.2;
		};
		DAA6A41C1CEE2C000061DFE1 /* PBXContainerItemProxy */ = {
			isa = PBXContainerItemProxy;
			containerPortal = DAA6A3F21CEE2C000061DFE1 /* Project object */;
			proxyType = 1;
			remoteGlobalIDString = DAA6A3F91CEE2C000061DFE1;
			remoteInfo = Zanga_0.2;
		};
/* End PBXContainerItemProxy section */

/* Begin PBXFileReference section */
		119C79EB298C1D20B10C6568 /* Pods-Zanga_0.2UITests.release.xcconfig */ = {isa = PBXFileReference; includeInIndex = 1; lastKnownFileType = text.xcconfig; name = "Pods-Zanga_0.2UITests.release.xcconfig"; path = "Pods/Target Support Files/Pods-Zanga_0.2UITests/Pods-Zanga_0.2UITests.release.xcconfig"; sourceTree = "<group>"; };
		15D6B8FC3B6EE779520EC8B2 /* Pods-Zanga_0.2.release.xcconfig */ = {isa = PBXFileReference; includeInIndex = 1; lastKnownFileType = text.xcconfig; name = "Pods-Zanga_0.2.release.xcconfig"; path = "Pods/Target Support Files/Pods-Zanga_0.2/Pods-Zanga_0.2.release.xcconfig"; sourceTree = "<group>"; };
		4F48D5D41AE4FC3BF3F29ADC /* Pods-Zanga_0.2Tests.release.xcconfig */ = {isa = PBXFileReference; includeInIndex = 1; lastKnownFileType = text.xcconfig; name = "Pods-Zanga_0.2Tests.release.xcconfig"; path = "Pods/Target Support Files/Pods-Zanga_0.2Tests/Pods-Zanga_0.2Tests.release.xcconfig"; sourceTree = "<group>"; };
		8212FB415695449C58D5806E /* Pods-Zanga_0.2Tests.debug.xcconfig */ = {isa = PBXFileReference; includeInIndex = 1; lastKnownFileType = text.xcconfig; name = "Pods-Zanga_0.2Tests.debug.xcconfig"; path = "Pods/Target Support Files/Pods-Zanga_0.2Tests/Pods-Zanga_0.2Tests.debug.xcconfig"; sourceTree = "<group>"; };
		C5F6AA45C3547CE9B22AFA43 /* Pods-Zanga_0.2.debug.xcconfig */ = {isa = PBXFileReference; includeInIndex = 1; lastKnownFileType = text.xcconfig; name = "Pods-Zanga_0.2.debug.xcconfig"; path = "Pods/Target Support Files/Pods-Zanga_0.2/Pods-Zanga_0.2.debug.xcconfig"; sourceTree = "<group>"; };
		D2366ACDDCE86AB9B9867BE2 /* Pods-Zanga_0.2UITests.debug.xcconfig */ = {isa = PBXFileReference; includeInIndex = 1; lastKnownFileType = text.xcconfig; name = "Pods-Zanga_0.2UITests.debug.xcconfig"; path = "Pods/Target Support Files/Pods-Zanga_0.2UITests/Pods-Zanga_0.2UITests.debug.xcconfig"; sourceTree = "<group>"; };
		D768F7720529CC9F5E185985 /* Pods_Zanga_0_2UITests.framework */ = {isa = PBXFileReference; explicitFileType = wrapper.framework; includeInIndex = 0; path = Pods_Zanga_0_2UITests.framework; sourceTree = BUILT_PRODUCTS_DIR; };
		DA03F4B71CF8141A00DE0C33 /* SideMenuTableViewCell.swift */ = {isa = PBXFileReference; fileEncoding = 4; lastKnownFileType = sourcecode.swift; name = SideMenuTableViewCell.swift; path = ../SideMenuTableViewCell.swift; sourceTree = "<group>"; };
		DA03F4B81CF8141A00DE0C33 /* SideMenuTableViewCell.xib */ = {isa = PBXFileReference; fileEncoding = 4; lastKnownFileType = file.xib; name = SideMenuTableViewCell.xib; path = ../SideMenuTableViewCell.xib; sourceTree = "<group>"; };
		DA1287F11CF1565E00DE6527 /* Zanga_0.2-Bridging-Header.h */ = {isa = PBXFileReference; lastKnownFileType = sourcecode.c.h; path = "Zanga_0.2-Bridging-Header.h"; sourceTree = "<group>"; };
		DA1287F21CF1565F00DE6527 /* SWRevealViewController.h */ = {isa = PBXFileReference; fileEncoding = 4; lastKnownFileType = sourcecode.c.h; path = SWRevealViewController.h; sourceTree = "<group>"; };
		DA1287F31CF1565F00DE6527 /* SWRevealViewController.m */ = {isa = PBXFileReference; fileEncoding = 4; lastKnownFileType = sourcecode.c.objc; path = SWRevealViewController.m; sourceTree = "<group>"; };
		DA19F3161D67945200278FA2 /* myExtensions.swift */ = {isa = PBXFileReference; fileEncoding = 4; lastKnownFileType = sourcecode.swift; path = myExtensions.swift; sourceTree = "<group>"; };
		DA19F32E1D67A26900278FA2 /* notifications-icon.png */ = {isa = PBXFileReference; lastKnownFileType = image.png; path = "notifications-icon.png"; sourceTree = "<group>"; };
		DA19F3301D67A2AA00278FA2 /* search.png */ = {isa = PBXFileReference; lastKnownFileType = image.png; path = search.png; sourceTree = "<group>"; };
		DA19F3321D67A2EC00278FA2 /* saved.png */ = {isa = PBXFileReference; lastKnownFileType = image.png; path = saved.png; sourceTree = "<group>"; };
		DA19F33A1D67AF6600278FA2 /* add-icon.png */ = {isa = PBXFileReference; lastKnownFileType = image.png; path = "add-icon.png"; sourceTree = "<group>"; };
		DA19F33C1D67BCE800278FA2 /* CustomTabBarController.swift */ = {isa = PBXFileReference; fileEncoding = 4; lastKnownFileType = sourcecode.swift; path = CustomTabBarController.swift; sourceTree = "<group>"; };
		DA19F3441D6BA20F00278FA2 /* privateEvent-icon.png */ = {isa = PBXFileReference; lastKnownFileType = image.png; path = "privateEvent-icon.png"; sourceTree = "<group>"; };
		DA19F3451D6BA20F00278FA2 /* publicEvent-icon.png */ = {isa = PBXFileReference; lastKnownFileType = image.png; path = "publicEvent-icon.png"; sourceTree = "<group>"; };
		DA19F3481D6BD9C300278FA2 /* CreateEvent.storyboard */ = {isa = PBXFileReference; fileEncoding = 4; lastKnownFileType = file.storyboard; path = CreateEvent.storyboard; sourceTree = "<group>"; };
		DA19F34A1D6C3F9200278FA2 /* CreatePublicEventViewController.swift */ = {isa = PBXFileReference; fileEncoding = 4; lastKnownFileType = sourcecode.swift; path = CreatePublicEventViewController.swift; sourceTree = "<group>"; };
		DA19F34C1D6C3FA800278FA2 /* CreatePrivateEventViewController.swift */ = {isa = PBXFileReference; fileEncoding = 4; lastKnownFileType = sourcecode.swift; path = CreatePrivateEventViewController.swift; sourceTree = "<group>"; };
		DA19F34E1D6F4D6600278FA2 /* NotificationsTableViewController.swift */ = {isa = PBXFileReference; fileEncoding = 4; lastKnownFileType = sourcecode.swift; path = NotificationsTableViewController.swift; sourceTree = "<group>"; };
		DA19F3501D768A0100278FA2 /* LoginViewController.swift */ = {isa = PBXFileReference; fileEncoding = 4; lastKnownFileType = sourcecode.swift; path = LoginViewController.swift; sourceTree = "<group>"; };
		DA19F3521D769AA300278FA2 /* SignLoginViewController.swift */ = {isa = PBXFileReference; fileEncoding = 4; lastKnownFileType = sourcecode.swift; path = SignLoginViewController.swift; sourceTree = "<group>"; };
		DA19F3541D76A4FA00278FA2 /* logo.png */ = {isa = PBXFileReference; lastKnownFileType = image.png; path = logo.png; sourceTree = "<group>"; };
		DA19F3561D76BF5500278FA2 /* password-icon.png */ = {isa = PBXFileReference; lastKnownFileType = image.png; path = "password-icon.png"; sourceTree = "<group>"; };
		DA19F3581D76BF5900278FA2 /* Email-Icon.png */ = {isa = PBXFileReference; lastKnownFileType = image.png; path = "Email-Icon.png"; sourceTree = "<group>"; };
		DA30EB071D46CFD5001AF178 /* Event.swift */ = {isa = PBXFileReference; fileEncoding = 4; lastKnownFileType = sourcecode.swift; path = Event.swift; sourceTree = "<group>"; };
		DA30EB091D46E9C1001AF178 /* SchoolTableViewCell.swift */ = {isa = PBXFileReference; fileEncoding = 4; lastKnownFileType = sourcecode.swift; path = SchoolTableViewCell.swift; sourceTree = "<group>"; };
		DA30EB0D1D46EA17001AF178 /* SchoolTableViewController.swift */ = {isa = PBXFileReference; fileEncoding = 4; lastKnownFileType = sourcecode.swift; path = SchoolTableViewController.swift; sourceTree = "<group>"; };
		DA30EB151D471061001AF178 /* MKAnnotationView+WebCache.h */ = {isa = PBXFileReference; fileEncoding = 4; lastKnownFileType = sourcecode.c.h; path = "MKAnnotationView+WebCache.h"; sourceTree = "<group>"; };
		DA30EB161D471061001AF178 /* MKAnnotationView+WebCache.m */ = {isa = PBXFileReference; fileEncoding = 4; lastKnownFileType = sourcecode.c.objc; path = "MKAnnotationView+WebCache.m"; sourceTree = "<group>"; };
		DA30EB171D471061001AF178 /* NSData+ImageContentType.h */ = {isa = PBXFileReference; fileEncoding = 4; lastKnownFileType = sourcecode.c.h; path = "NSData+ImageContentType.h"; sourceTree = "<group>"; };
		DA30EB181D471061001AF178 /* NSData+ImageContentType.m */ = {isa = PBXFileReference; fileEncoding = 4; lastKnownFileType = sourcecode.c.objc; path = "NSData+ImageContentType.m"; sourceTree = "<group>"; };
		DA30EB191D471061001AF178 /* SDImageCache.h */ = {isa = PBXFileReference; fileEncoding = 4; lastKnownFileType = sourcecode.c.h; path = SDImageCache.h; sourceTree = "<group>"; };
		DA30EB1A1D471061001AF178 /* SDImageCache.m */ = {isa = PBXFileReference; fileEncoding = 4; lastKnownFileType = sourcecode.c.objc; path = SDImageCache.m; sourceTree = "<group>"; };
		DA30EB1B1D471061001AF178 /* SDWebImageCompat.h */ = {isa = PBXFileReference; fileEncoding = 4; lastKnownFileType = sourcecode.c.h; path = SDWebImageCompat.h; sourceTree = "<group>"; };
		DA30EB1C1D471061001AF178 /* SDWebImageCompat.m */ = {isa = PBXFileReference; fileEncoding = 4; lastKnownFileType = sourcecode.c.objc; path = SDWebImageCompat.m; sourceTree = "<group>"; };
		DA30EB1D1D471061001AF178 /* SDWebImageDecoder.h */ = {isa = PBXFileReference; fileEncoding = 4; lastKnownFileType = sourcecode.c.h; path = SDWebImageDecoder.h; sourceTree = "<group>"; };
		DA30EB1E1D471061001AF178 /* SDWebImageDecoder.m */ = {isa = PBXFileReference; fileEncoding = 4; lastKnownFileType = sourcecode.c.objc; path = SDWebImageDecoder.m; sourceTree = "<group>"; };
		DA30EB1F1D471061001AF178 /* SDWebImageDownloader.h */ = {isa = PBXFileReference; fileEncoding = 4; lastKnownFileType = sourcecode.c.h; path = SDWebImageDownloader.h; sourceTree = "<group>"; };
		DA30EB201D471061001AF178 /* SDWebImageDownloader.m */ = {isa = PBXFileReference; fileEncoding = 4; lastKnownFileType = sourcecode.c.objc; path = SDWebImageDownloader.m; sourceTree = "<group>"; };
		DA30EB211D471061001AF178 /* SDWebImageDownloaderOperation.h */ = {isa = PBXFileReference; fileEncoding = 4; lastKnownFileType = sourcecode.c.h; path = SDWebImageDownloaderOperation.h; sourceTree = "<group>"; };
		DA30EB221D471061001AF178 /* SDWebImageDownloaderOperation.m */ = {isa = PBXFileReference; fileEncoding = 4; lastKnownFileType = sourcecode.c.objc; path = SDWebImageDownloaderOperation.m; sourceTree = "<group>"; };
		DA30EB231D471061001AF178 /* SDWebImageManager.h */ = {isa = PBXFileReference; fileEncoding = 4; lastKnownFileType = sourcecode.c.h; path = SDWebImageManager.h; sourceTree = "<group>"; };
		DA30EB241D471061001AF178 /* SDWebImageManager.m */ = {isa = PBXFileReference; fileEncoding = 4; lastKnownFileType = sourcecode.c.objc; path = SDWebImageManager.m; sourceTree = "<group>"; };
		DA30EB251D471061001AF178 /* SDWebImageOperation.h */ = {isa = PBXFileReference; fileEncoding = 4; lastKnownFileType = sourcecode.c.h; path = SDWebImageOperation.h; sourceTree = "<group>"; };
		DA30EB261D471061001AF178 /* SDWebImagePrefetcher.h */ = {isa = PBXFileReference; fileEncoding = 4; lastKnownFileType = sourcecode.c.h; path = SDWebImagePrefetcher.h; sourceTree = "<group>"; };
		DA30EB271D471061001AF178 /* SDWebImagePrefetcher.m */ = {isa = PBXFileReference; fileEncoding = 4; lastKnownFileType = sourcecode.c.objc; path = SDWebImagePrefetcher.m; sourceTree = "<group>"; };
		DA30EB281D471061001AF178 /* UIButton+WebCache.h */ = {isa = PBXFileReference; fileEncoding = 4; lastKnownFileType = sourcecode.c.h; path = "UIButton+WebCache.h"; sourceTree = "<group>"; };
		DA30EB291D471061001AF178 /* UIButton+WebCache.m */ = {isa = PBXFileReference; fileEncoding = 4; lastKnownFileType = sourcecode.c.objc; path = "UIButton+WebCache.m"; sourceTree = "<group>"; };
		DA30EB2A1D471061001AF178 /* UIImage+GIF.h */ = {isa = PBXFileReference; fileEncoding = 4; lastKnownFileType = sourcecode.c.h; path = "UIImage+GIF.h"; sourceTree = "<group>"; };
		DA30EB2B1D471061001AF178 /* UIImage+GIF.m */ = {isa = PBXFileReference; fileEncoding = 4; lastKnownFileType = sourcecode.c.objc; path = "UIImage+GIF.m"; sourceTree = "<group>"; };
		DA30EB2C1D471061001AF178 /* UIImage+MultiFormat.h */ = {isa = PBXFileReference; fileEncoding = 4; lastKnownFileType = sourcecode.c.h; path = "UIImage+MultiFormat.h"; sourceTree = "<group>"; };
		DA30EB2D1D471061001AF178 /* UIImage+MultiFormat.m */ = {isa = PBXFileReference; fileEncoding = 4; lastKnownFileType = sourcecode.c.objc; path = "UIImage+MultiFormat.m"; sourceTree = "<group>"; };
		DA30EB2E1D471061001AF178 /* UIImage+WebP.h */ = {isa = PBXFileReference; fileEncoding = 4; lastKnownFileType = sourcecode.c.h; path = "UIImage+WebP.h"; sourceTree = "<group>"; };
		DA30EB2F1D471061001AF178 /* UIImage+WebP.m */ = {isa = PBXFileReference; fileEncoding = 4; lastKnownFileType = sourcecode.c.objc; path = "UIImage+WebP.m"; sourceTree = "<group>"; };
		DA30EB301D471061001AF178 /* UIImageView+HighlightedWebCache.h */ = {isa = PBXFileReference; fileEncoding = 4; lastKnownFileType = sourcecode.c.h; path = "UIImageView+HighlightedWebCache.h"; sourceTree = "<group>"; };
		DA30EB311D471061001AF178 /* UIImageView+HighlightedWebCache.m */ = {isa = PBXFileReference; fileEncoding = 4; lastKnownFileType = sourcecode.c.objc; path = "UIImageView+HighlightedWebCache.m"; sourceTree = "<group>"; };
		DA30EB321D471061001AF178 /* UIImageView+WebCache.h */ = {isa = PBXFileReference; fileEncoding = 4; lastKnownFileType = sourcecode.c.h; path = "UIImageView+WebCache.h"; sourceTree = "<group>"; };
		DA30EB331D471061001AF178 /* UIImageView+WebCache.m */ = {isa = PBXFileReference; fileEncoding = 4; lastKnownFileType = sourcecode.c.objc; path = "UIImageView+WebCache.m"; sourceTree = "<group>"; };
		DA30EB341D471061001AF178 /* UIView+WebCacheOperation.h */ = {isa = PBXFileReference; fileEncoding = 4; lastKnownFileType = sourcecode.c.h; path = "UIView+WebCacheOperation.h"; sourceTree = "<group>"; };
		DA30EB351D471061001AF178 /* UIView+WebCacheOperation.m */ = {isa = PBXFileReference; fileEncoding = 4; lastKnownFileType = sourcecode.c.objc; path = "UIView+WebCacheOperation.m"; sourceTree = "<group>"; };
		DA30EB471D471721001AF178 /* UIImageView+WebCache.h */ = {isa = PBXFileReference; lastKnownFileType = sourcecode.c.h; path = "UIImageView+WebCache.h"; sourceTree = "<group>"; };
		DA8527DE1CEEE956001EEA31 /* PersonalProfileViewController.swift */ = {isa = PBXFileReference; fileEncoding = 4; lastKnownFileType = sourcecode.swift; path = PersonalProfileViewController.swift; sourceTree = "<group>"; };
		DA8587BA1D471A9800D600C2 /* placeholder.jpg */ = {isa = PBXFileReference; lastKnownFileType = image.jpeg; path = placeholder.jpg; sourceTree = "<group>"; };
		DA8587BE1D47367700D600C2 /* SchoolTableViewCell.xib */ = {isa = PBXFileReference; fileEncoding = 4; lastKnownFileType = file.xib; path = SchoolTableViewCell.xib; sourceTree = "<group>"; };
		DA8587C01D4AF94C00D600C2 /* SchoolEventTableView.storyboard */ = {isa = PBXFileReference; fileEncoding = 4; lastKnownFileType = file.storyboard; path = SchoolEventTableView.storyboard; sourceTree = "<group>"; };
		DA8587C21D4AFBC600D600C2 /* SchoolEvent_StoryBoardTableViewCell.swift */ = {isa = PBXFileReference; fileEncoding = 4; lastKnownFileType = sourcecode.swift; path = SchoolEvent_StoryBoardTableViewCell.swift; sourceTree = "<group>"; };
		DA8587C41D4C0C6A00D600C2 /* StyleSheet.swift */ = {isa = PBXFileReference; fileEncoding = 4; lastKnownFileType = sourcecode.swift; path = StyleSheet.swift; sourceTree = "<group>"; };
		DA8587CA1D4DB60D00D600C2 /* EventInfoViewController.swift */ = {isa = PBXFileReference; fileEncoding = 4; lastKnownFileType = sourcecode.swift; path = EventInfoViewController.swift; sourceTree = "<group>"; };
		DA8DBA1D1D7A9D55002CF215 /* FBSDKCoreKit.framework */ = {isa = PBXFileReference; lastKnownFileType = wrapper.framework; path = FBSDKCoreKit.framework; sourceTree = "<group>"; };
		DA8DBA1E1D7A9D55002CF215 /* FBSDKLoginKit.framework */ = {isa = PBXFileReference; lastKnownFileType = wrapper.framework; path = FBSDKLoginKit.framework; sourceTree = "<group>"; };
		DA8DBA1F1D7A9D55002CF215 /* FBSDKShareKit.framework */ = {isa = PBXFileReference; lastKnownFileType = wrapper.framework; path = FBSDKShareKit.framework; sourceTree = "<group>"; };
		DAA6A3FA1CEE2C000061DFE1 /* Zanga_0.2.app */ = {isa = PBXFileReference; explicitFileType = wrapper.application; includeInIndex = 0; path = Zanga_0.2.app; sourceTree = BUILT_PRODUCTS_DIR; };
		DAA6A3FD1CEE2C000061DFE1 /* AppDelegate.swift */ = {isa = PBXFileReference; lastKnownFileType = sourcecode.swift; path = AppDelegate.swift; sourceTree = "<group>"; };
		DAA6A4061CEE2C000061DFE1 /* Assets.xcassets */ = {isa = PBXFileReference; lastKnownFileType = folder.assetcatalog; path = Assets.xcassets; sourceTree = "<group>"; };
		DAA6A4091CEE2C000061DFE1 /* Base */ = {isa = PBXFileReference; lastKnownFileType = file.storyboard; name = Base; path = Base.lproj/LaunchScreen.storyboard; sourceTree = "<group>"; };
		DAA6A40B1CEE2C000061DFE1 /* Info.plist */ = {isa = PBXFileReference; lastKnownFileType = text.plist.xml; path = Info.plist; sourceTree = "<group>"; };
		DAA6A4101CEE2C000061DFE1 /* Zanga_0.2Tests.xctest */ = {isa = PBXFileReference; explicitFileType = wrapper.cfbundle; includeInIndex = 0; path = Zanga_0.2Tests.xctest; sourceTree = BUILT_PRODUCTS_DIR; };
		DAA6A4141CEE2C000061DFE1 /* Zanga_0_2Tests.swift */ = {isa = PBXFileReference; lastKnownFileType = sourcecode.swift; path = Zanga_0_2Tests.swift; sourceTree = "<group>"; };
		DAA6A4161CEE2C000061DFE1 /* Info.plist */ = {isa = PBXFileReference; lastKnownFileType = text.plist.xml; path = Info.plist; sourceTree = "<group>"; };
		DAA6A41B1CEE2C000061DFE1 /* Zanga_0.2UITests.xctest */ = {isa = PBXFileReference; explicitFileType = wrapper.cfbundle; includeInIndex = 0; path = Zanga_0.2UITests.xctest; sourceTree = BUILT_PRODUCTS_DIR; };
		DAA6A41F1CEE2C000061DFE1 /* Zanga_0_2UITests.swift */ = {isa = PBXFileReference; lastKnownFileType = sourcecode.swift; path = Zanga_0_2UITests.swift; sourceTree = "<group>"; };
		DAA6A4211CEE2C000061DFE1 /* Info.plist */ = {isa = PBXFileReference; lastKnownFileType = text.plist.xml; path = Info.plist; sourceTree = "<group>"; };
		DAA6A4331CEE2FD40061DFE1 /* icon-profile.png */ = {isa = PBXFileReference; lastKnownFileType = image.png; name = "icon-profile.png"; path = "../icon-profile.png"; sourceTree = "<group>"; };
		DAA6A4431CEE3FE50061DFE1 /* Profile.storyboard */ = {isa = PBXFileReference; fileEncoding = 4; lastKnownFileType = file.storyboard; path = Profile.storyboard; sourceTree = "<group>"; };
		DAA6A4451CEE46EC0061DFE1 /* MyCrowdTableViewController.swift */ = {isa = PBXFileReference; fileEncoding = 4; lastKnownFileType = sourcecode.swift; name = MyCrowdTableViewController.swift; path = ../MyCrowdTableViewController.swift; sourceTree = "<group>"; };
		DAA6A4481CEE47B30061DFE1 /* InvitationsTableViewController.swift */ = {isa = PBXFileReference; fileEncoding = 4; lastKnownFileType = sourcecode.swift; path = InvitationsTableViewController.swift; sourceTree = "<group>"; };
		DAA6A44A1CEE489F0061DFE1 /* HostingTableViewController.swift */ = {isa = PBXFileReference; fileEncoding = 4; lastKnownFileType = sourcecode.swift; path = HostingTableViewController.swift; sourceTree = "<group>"; };
		DAA6A44C1CEE515D0061DFE1 /* CAPSPageMenu.swift */ = {isa = PBXFileReference; fileEncoding = 4; lastKnownFileType = sourcecode.swift; name = CAPSPageMenu.swift; path = ../CAPSPageMenu.swift; sourceTree = "<group>"; };
		DAD7FFEF1CF172B800375BFE /* SideMenuTableViewController.swift */ = {isa = PBXFileReference; fileEncoding = 4; lastKnownFileType = sourcecode.swift; path = SideMenuTableViewController.swift; sourceTree = "<group>"; };
		DAE0CBB31CEE787B00FE69E3 /* ProfileViewController.swift */ = {isa = PBXFileReference; fileEncoding = 4; lastKnownFileType = sourcecode.swift; name = ProfileViewController.swift; path = ../ProfileViewController.swift; sourceTree = "<group>"; };
		DAE0CBB71CEE9C3C00FE69E3 /* Main.storyboard */ = {isa = PBXFileReference; fileEncoding = 4; lastKnownFileType = file.storyboard; path = Main.storyboard; sourceTree = "<group>"; };
		DAE0CBBB1CEED7D400FE69E3 /* EventsViewController.swift */ = {isa = PBXFileReference; fileEncoding = 4; lastKnownFileType = sourcecode.swift; name = EventsViewController.swift; path = ../EventsViewController.swift; sourceTree = "<group>"; };
		DAE0CBC01CEED8B300FE69E3 /* NotSchoolTableViewController.swift */ = {isa = PBXFileReference; fileEncoding = 4; lastKnownFileType = sourcecode.swift; path = NotSchoolTableViewController.swift; sourceTree = "<group>"; };
		DAE0CBC21CEED8C300FE69E3 /* MyEventsTableViewController.swift */ = {isa = PBXFileReference; fileEncoding = 4; lastKnownFileType = sourcecode.swift; path = MyEventsTableViewController.swift; sourceTree = "<group>"; };
		DAE0CBC41CEEDA1800FE69E3 /* CreateEventViewController.swift */ = {isa = PBXFileReference; fileEncoding = 4; lastKnownFileType = sourcecode.swift; path = CreateEventViewController.swift; sourceTree = "<group>"; };
		DDB1959090367648CBF2C35F /* Pods_Zanga_0_2.framework */ = {isa = PBXFileReference; explicitFileType = wrapper.framework; includeInIndex = 0; path = Pods_Zanga_0_2.framework; sourceTree = BUILT_PRODUCTS_DIR; };
		E54CAC460913195039FAEFE4 /* Pods_Zanga_0_2Tests.framework */ = {isa = PBXFileReference; explicitFileType = wrapper.framework; includeInIndex = 0; path = Pods_Zanga_0_2Tests.framework; sourceTree = BUILT_PRODUCTS_DIR; };
/* End PBXFileReference section */

/* Begin PBXFrameworksBuildPhase section */
		DAA6A3F71CEE2C000061DFE1 /* Frameworks */ = {
			isa = PBXFrameworksBuildPhase;
			buildActionMask = 2147483647;
			files = (
				DA8DBA221D7A9D55002CF215 /* FBSDKShareKit.framework in Frameworks */,
				69946CDE456B87B7355275AE /* Pods_Zanga_0_2.framework in Frameworks */,
				DA8DBA201D7A9D55002CF215 /* FBSDKCoreKit.framework in Frameworks */,
				DA8DBA211D7A9D55002CF215 /* FBSDKLoginKit.framework in Frameworks */,
			);
			runOnlyForDeploymentPostprocessing = 0;
		};
		DAA6A40D1CEE2C000061DFE1 /* Frameworks */ = {
			isa = PBXFrameworksBuildPhase;
			buildActionMask = 2147483647;
			files = (
				E4834401F62DFE87B57C70D5 /* Pods_Zanga_0_2Tests.framework in Frameworks */,
			);
			runOnlyForDeploymentPostprocessing = 0;
		};
		DAA6A4181CEE2C000061DFE1 /* Frameworks */ = {
			isa = PBXFrameworksBuildPhase;
			buildActionMask = 2147483647;
			files = (
				5AF319F2FC6B509E9052F58B /* Pods_Zanga_0_2UITests.framework in Frameworks */,
			);
			runOnlyForDeploymentPostprocessing = 0;
		};
/* End PBXFrameworksBuildPhase section */

/* Begin PBXGroup section */
		07F67E3E0D8965536A8E066E /* Pods */ = {
			isa = PBXGroup;
			children = (
				C5F6AA45C3547CE9B22AFA43 /* Pods-Zanga_0.2.debug.xcconfig */,
				15D6B8FC3B6EE779520EC8B2 /* Pods-Zanga_0.2.release.xcconfig */,
				8212FB415695449C58D5806E /* Pods-Zanga_0.2Tests.debug.xcconfig */,
				4F48D5D41AE4FC3BF3F29ADC /* Pods-Zanga_0.2Tests.release.xcconfig */,
				D2366ACDDCE86AB9B9867BE2 /* Pods-Zanga_0.2UITests.debug.xcconfig */,
				119C79EB298C1D20B10C6568 /* Pods-Zanga_0.2UITests.release.xcconfig */,
			);
			name = Pods;
			sourceTree = "<group>";
		};
		DA03F4B21CF8133100DE0C33 /* Third Party */ = {
			isa = PBXGroup;
			children = (
				DA1287F31CF1565F00DE6527 /* SWRevealViewController.m */,
				DA1287F21CF1565F00DE6527 /* SWRevealViewController.h */,
				DAA6A44C1CEE515D0061DFE1 /* CAPSPageMenu.swift */,
			);
			name = "Third Party";
			sourceTree = "<group>";
		};
		DA30EB111D46EA4A001AF178 /* School */ = {
			isa = PBXGroup;
			children = (
				DA8587C21D4AFBC600D600C2 /* SchoolEvent_StoryBoardTableViewCell.swift */,
				DA30EB0D1D46EA17001AF178 /* SchoolTableViewController.swift */,
				DA30EB091D46E9C1001AF178 /* SchoolTableViewCell.swift */,
				DA8587BE1D47367700D600C2 /* SchoolTableViewCell.xib */,
			);
			name = School;
			sourceTree = "<group>";
		};
		DA30EB121D46EA54001AF178 /* Not School */ = {
			isa = PBXGroup;
			children = (
				DAE0CBC01CEED8B300FE69E3 /* NotSchoolTableViewController.swift */,
			);
			name = "Not School";
			sourceTree = "<group>";
		};
		DA30EB131D46EA60001AF178 /* My Events */ = {
			isa = PBXGroup;
			children = (
				DAE0CBC21CEED8C300FE69E3 /* MyEventsTableViewController.swift */,
			);
			name = "My Events";
			sourceTree = "<group>";
		};
		DA30EB461D471088001AF178 /* SDWebImage */ = {
			isa = PBXGroup;
			children = (
				DA30EB471D471721001AF178 /* UIImageView+WebCache.h */,
				DA30EB151D471061001AF178 /* MKAnnotationView+WebCache.h */,
				DA30EB161D471061001AF178 /* MKAnnotationView+WebCache.m */,
				DA30EB171D471061001AF178 /* NSData+ImageContentType.h */,
				DA30EB181D471061001AF178 /* NSData+ImageContentType.m */,
				DA30EB191D471061001AF178 /* SDImageCache.h */,
				DA30EB1A1D471061001AF178 /* SDImageCache.m */,
				DA30EB1B1D471061001AF178 /* SDWebImageCompat.h */,
				DA30EB1C1D471061001AF178 /* SDWebImageCompat.m */,
				DA30EB1D1D471061001AF178 /* SDWebImageDecoder.h */,
				DA30EB1E1D471061001AF178 /* SDWebImageDecoder.m */,
				DA30EB1F1D471061001AF178 /* SDWebImageDownloader.h */,
				DA30EB201D471061001AF178 /* SDWebImageDownloader.m */,
				DA30EB211D471061001AF178 /* SDWebImageDownloaderOperation.h */,
				DA30EB221D471061001AF178 /* SDWebImageDownloaderOperation.m */,
				DA30EB231D471061001AF178 /* SDWebImageManager.h */,
				DA30EB241D471061001AF178 /* SDWebImageManager.m */,
				DA30EB251D471061001AF178 /* SDWebImageOperation.h */,
				DA30EB261D471061001AF178 /* SDWebImagePrefetcher.h */,
				DA30EB271D471061001AF178 /* SDWebImagePrefetcher.m */,
				DA30EB281D471061001AF178 /* UIButton+WebCache.h */,
				DA30EB291D471061001AF178 /* UIButton+WebCache.m */,
				DA30EB2A1D471061001AF178 /* UIImage+GIF.h */,
				DA30EB2B1D471061001AF178 /* UIImage+GIF.m */,
				DA30EB2C1D471061001AF178 /* UIImage+MultiFormat.h */,
				DA30EB2D1D471061001AF178 /* UIImage+MultiFormat.m */,
				DA30EB2E1D471061001AF178 /* UIImage+WebP.h */,
				DA30EB2F1D471061001AF178 /* UIImage+WebP.m */,
				DA30EB301D471061001AF178 /* UIImageView+HighlightedWebCache.h */,
				DA30EB311D471061001AF178 /* UIImageView+HighlightedWebCache.m */,
				DA30EB321D471061001AF178 /* UIImageView+WebCache.h */,
				DA30EB331D471061001AF178 /* UIImageView+WebCache.m */,
				DA30EB341D471061001AF178 /* UIView+WebCacheOperation.h */,
				DA30EB351D471061001AF178 /* UIView+WebCacheOperation.m */,
			);
			name = SDWebImage;
			sourceTree = "<group>";
		};
		DAA6A3F11CEE2C000061DFE1 = {
			isa = PBXGroup;
			children = (
				DAA6A3FC1CEE2C000061DFE1 /* Zanga_0.2 */,
				DAA6A4131CEE2C000061DFE1 /* Zanga_0.2Tests */,
				DAA6A41E1CEE2C000061DFE1 /* Zanga_0.2UITests */,
				DAA6A3FB1CEE2C000061DFE1 /* Products */,
				07F67E3E0D8965536A8E066E /* Pods */,
				EF35A4A0307800C081638575 /* Frameworks */,
			);
			sourceTree = "<group>";
		};
		DAA6A3FB1CEE2C000061DFE1 /* Products */ = {
			isa = PBXGroup;
			children = (
				DAA6A3FA1CEE2C000061DFE1 /* Zanga_0.2.app */,
				DAA6A4101CEE2C000061DFE1 /* Zanga_0.2Tests.xctest */,
				DAA6A41B1CEE2C000061DFE1 /* Zanga_0.2UITests.xctest */,
			);
			name = Products;
			sourceTree = "<group>";
		};
		DAA6A3FC1CEE2C000061DFE1 /* Zanga_0.2 */ = {
			isa = PBXGroup;
			children = (
				DAA6A3FD1CEE2C000061DFE1 /* AppDelegate.swift */,
				DA8587C41D4C0C6A00D600C2 /* StyleSheet.swift */,
				DA19F3161D67945200278FA2 /* myExtensions.swift */,
				DA03F4B21CF8133100DE0C33 /* Third Party */,
				DAA6A4361CEE30460061DFE1 /* Images */,
				DAA6A42F1CEE2D1D0061DFE1 /* ViewControllers */,
				DAA6A4301CEE2D530061DFE1 /* StoryBoards */,
				DAA6A4061CEE2C000061DFE1 /* Assets.xcassets */,
				DAA6A40B1CEE2C000061DFE1 /* Info.plist */,
				DA1287F11CF1565E00DE6527 /* Zanga_0.2-Bridging-Header.h */,
			);
			path = Zanga_0.2;
			sourceTree = "<group>";
		};
		DAA6A4131CEE2C000061DFE1 /* Zanga_0.2Tests */ = {
			isa = PBXGroup;
			children = (
				DAA6A4141CEE2C000061DFE1 /* Zanga_0_2Tests.swift */,
				DAA6A4161CEE2C000061DFE1 /* Info.plist */,
			);
			path = Zanga_0.2Tests;
			sourceTree = "<group>";
		};
		DAA6A41E1CEE2C000061DFE1 /* Zanga_0.2UITests */ = {
			isa = PBXGroup;
			children = (
				DAA6A41F1CEE2C000061DFE1 /* Zanga_0_2UITests.swift */,
				DAA6A4211CEE2C000061DFE1 /* Info.plist */,
			);
			path = Zanga_0.2UITests;
			sourceTree = "<group>";
		};
		DAA6A42F1CEE2D1D0061DFE1 /* ViewControllers */ = {
			isa = PBXGroup;
			children = (
				DA19F33C1D67BCE800278FA2 /* CustomTabBarController.swift */,
				DAE0CBB31CEE787B00FE69E3 /* ProfileViewController.swift */,
				DAE0CBBB1CEED7D400FE69E3 /* EventsViewController.swift */,
				DAE0CBC41CEEDA1800FE69E3 /* CreateEventViewController.swift */,
				DAE0CBBD1CEED82D00FE69E3 /* EventsTableViews */,
				DAA6A4471CEE470E0061DFE1 /* ProfileTableViews */,
				DA8527DE1CEEE956001EEA31 /* PersonalProfileViewController.swift */,
				DA03F4B71CF8141A00DE0C33 /* SideMenuTableViewCell.swift */,
				DA03F4B81CF8141A00DE0C33 /* SideMenuTableViewCell.xib */,
				DAD7FFEF1CF172B800375BFE /* SideMenuTableViewController.swift */,
				DA8587CA1D4DB60D00D600C2 /* EventInfoViewController.swift */,
				DA19F34C1D6C3FA800278FA2 /* CreatePrivateEventViewController.swift */,
				DA19F34A1D6C3F9200278FA2 /* CreatePublicEventViewController.swift */,
				DA19F34E1D6F4D6600278FA2 /* NotificationsTableViewController.swift */,
				DA19F3501D768A0100278FA2 /* LoginViewController.swift */,
				DA19F3521D769AA300278FA2 /* SignLoginViewController.swift */,
			);
			name = ViewControllers;
			sourceTree = "<group>";
		};
		DAA6A4301CEE2D530061DFE1 /* StoryBoards */ = {
			isa = PBXGroup;
			children = (
				DAA6A4081CEE2C000061DFE1 /* LaunchScreen.storyboard */,
				DAA6A4431CEE3FE50061DFE1 /* Profile.storyboard */,
				DAE0CBB71CEE9C3C00FE69E3 /* Main.storyboard */,
				DA8587C01D4AF94C00D600C2 /* SchoolEventTableView.storyboard */,
				DA19F3481D6BD9C300278FA2 /* CreateEvent.storyboard */,
			);
			name = StoryBoards;
			sourceTree = "<group>";
		};
		DAA6A4361CEE30460061DFE1 /* Images */ = {
			isa = PBXGroup;
			children = (
				DA8587BA1D471A9800D600C2 /* placeholder.jpg */,
				DA19F32E1D67A26900278FA2 /* notifications-icon.png */,
				DA19F3321D67A2EC00278FA2 /* saved.png */,
				DA19F3541D76A4FA00278FA2 /* logo.png */,
				DA19F3301D67A2AA00278FA2 /* search.png */,
				DA19F3561D76BF5500278FA2 /* password-icon.png */,
				DA19F33A1D67AF6600278FA2 /* add-icon.png */,
				DA19F3441D6BA20F00278FA2 /* privateEvent-icon.png */,
				DA19F3581D76BF5900278FA2 /* Email-Icon.png */,
				DA19F3451D6BA20F00278FA2 /* publicEvent-icon.png */,
				DAA6A4331CEE2FD40061DFE1 /* icon-profile.png */,
			);
			name = Images;
			sourceTree = "<group>";
		};
		DAA6A4471CEE470E0061DFE1 /* ProfileTableViews */ = {
			isa = PBXGroup;
			children = (
				DAA6A4481CEE47B30061DFE1 /* InvitationsTableViewController.swift */,
				DAA6A44A1CEE489F0061DFE1 /* HostingTableViewController.swift */,
				DAA6A4451CEE46EC0061DFE1 /* MyCrowdTableViewController.swift */,
			);
			name = ProfileTableViews;
			sourceTree = "<group>";
		};
		DAE0CBBD1CEED82D00FE69E3 /* EventsTableViews */ = {
			isa = PBXGroup;
			children = (
				DA30EB071D46CFD5001AF178 /* Event.swift */,
				DA30EB461D471088001AF178 /* SDWebImage */,
				DA30EB111D46EA4A001AF178 /* School */,
				DA30EB121D46EA54001AF178 /* Not School */,
				DA30EB131D46EA60001AF178 /* My Events */,
			);
			name = EventsTableViews;
			sourceTree = "<group>";
		};
		EF35A4A0307800C081638575 /* Frameworks */ = {
			isa = PBXGroup;
			children = (
				DDB1959090367648CBF2C35F /* Pods_Zanga_0_2.framework */,
				E54CAC460913195039FAEFE4 /* Pods_Zanga_0_2Tests.framework */,
				DA8DBA1D1D7A9D55002CF215 /* FBSDKCoreKit.framework */,
				DA8DBA1E1D7A9D55002CF215 /* FBSDKLoginKit.framework */,
				DA8DBA1F1D7A9D55002CF215 /* FBSDKShareKit.framework */,
				D768F7720529CC9F5E185985 /* Pods_Zanga_0_2UITests.framework */,
			);
			name = Frameworks;
			sourceTree = "<group>";
		};
/* End PBXGroup section */

/* Begin PBXNativeTarget section */
		DAA6A3F91CEE2C000061DFE1 /* Zanga_0.2 */ = {
			isa = PBXNativeTarget;
			buildConfigurationList = DAA6A4241CEE2C000061DFE1 /* Build configuration list for PBXNativeTarget "Zanga_0.2" */;
			buildPhases = (
				6B5D9C26B89C900FBB10FABD /* [CP] Check Pods Manifest.lock */,
				DAA6A3F61CEE2C000061DFE1 /* Sources */,
				DAA6A3F71CEE2C000061DFE1 /* Frameworks */,
				DAA6A3F81CEE2C000061DFE1 /* Resources */,
				093266FE94DDB027564A9178 /* [CP] Embed Pods Frameworks */,
				2CE1A594181458C84FC3955D /* [CP] Copy Pods Resources */,
			);
			buildRules = (
			);
			dependencies = (
			);
			name = Zanga_0.2;
			productName = Zanga_0.2;
			productReference = DAA6A3FA1CEE2C000061DFE1 /* Zanga_0.2.app */;
			productType = "com.apple.product-type.application";
		};
		DAA6A40F1CEE2C000061DFE1 /* Zanga_0.2Tests */ = {
			isa = PBXNativeTarget;
			buildConfigurationList = DAA6A4271CEE2C000061DFE1 /* Build configuration list for PBXNativeTarget "Zanga_0.2Tests" */;
			buildPhases = (
				E11543A369DA994499C05168 /* [CP] Check Pods Manifest.lock */,
				DAA6A40C1CEE2C000061DFE1 /* Sources */,
				DAA6A40D1CEE2C000061DFE1 /* Frameworks */,
				DAA6A40E1CEE2C000061DFE1 /* Resources */,
				E0CFF6ACB20A7DBDB015C8C9 /* [CP] Embed Pods Frameworks */,
				997C2FA261A73826F7636927 /* [CP] Copy Pods Resources */,
			);
			buildRules = (
			);
			dependencies = (
				DAA6A4121CEE2C000061DFE1 /* PBXTargetDependency */,
			);
			name = Zanga_0.2Tests;
			productName = Zanga_0.2Tests;
			productReference = DAA6A4101CEE2C000061DFE1 /* Zanga_0.2Tests.xctest */;
			productType = "com.apple.product-type.bundle.unit-test";
		};
		DAA6A41A1CEE2C000061DFE1 /* Zanga_0.2UITests */ = {
			isa = PBXNativeTarget;
			buildConfigurationList = DAA6A42A1CEE2C000061DFE1 /* Build configuration list for PBXNativeTarget "Zanga_0.2UITests" */;
			buildPhases = (
				A5D88A824CFC45E09F02E969 /* [CP] Check Pods Manifest.lock */,
				DAA6A4171CEE2C000061DFE1 /* Sources */,
				DAA6A4181CEE2C000061DFE1 /* Frameworks */,
				DAA6A4191CEE2C000061DFE1 /* Resources */,
				70E9FFCB3AA888803274A28D /* [CP] Copy Pods Resources */,
			);
			buildRules = (
			);
			dependencies = (
				DAA6A41D1CEE2C000061DFE1 /* PBXTargetDependency */,
			);
			name = Zanga_0.2UITests;
			productName = Zanga_0.2UITests;
			productReference = DAA6A41B1CEE2C000061DFE1 /* Zanga_0.2UITests.xctest */;
			productType = "com.apple.product-type.bundle.ui-testing";
		};
/* End PBXNativeTarget section */

/* Begin PBXProject section */
		DAA6A3F21CEE2C000061DFE1 /* Project object */ = {
			isa = PBXProject;
			attributes = {
				LastSwiftUpdateCheck = 0730;
				LastUpgradeCheck = 0730;
				ORGANIZATIONNAME = "Paul O'Neill";
				TargetAttributes = {
					DAA6A3F91CEE2C000061DFE1 = {
						CreatedOnToolsVersion = 7.3.1;
						DevelopmentTeam = XC6L8V932J;
					};
					DAA6A40F1CEE2C000061DFE1 = {
						CreatedOnToolsVersion = 7.3.1;
						TestTargetID = DAA6A3F91CEE2C000061DFE1;
					};
					DAA6A41A1CEE2C000061DFE1 = {
						CreatedOnToolsVersion = 7.3.1;
						TestTargetID = DAA6A3F91CEE2C000061DFE1;
					};
				};
			};
			buildConfigurationList = DAA6A3F51CEE2C000061DFE1 /* Build configuration list for PBXProject "Zanga_0.2" */;
			compatibilityVersion = "Xcode 3.2";
			developmentRegion = English;
			hasScannedForEncodings = 0;
			knownRegions = (
				en,
				Base,
			);
			mainGroup = DAA6A3F11CEE2C000061DFE1;
			productRefGroup = DAA6A3FB1CEE2C000061DFE1 /* Products */;
			projectDirPath = "";
			projectRoot = "";
			targets = (
				DAA6A3F91CEE2C000061DFE1 /* Zanga_0.2 */,
				DAA6A40F1CEE2C000061DFE1 /* Zanga_0.2Tests */,
				DAA6A41A1CEE2C000061DFE1 /* Zanga_0.2UITests */,
			);
		};
/* End PBXProject section */

/* Begin PBXResourcesBuildPhase section */
		DAA6A3F81CEE2C000061DFE1 /* Resources */ = {
			isa = PBXResourcesBuildPhase;
			buildActionMask = 2147483647;
			files = (
				DAA6A40A1CEE2C000061DFE1 /* LaunchScreen.storyboard in Resources */,
				DA8587BB1D471A9800D600C2 /* placeholder.jpg in Resources */,
				DA8587C11D4AF94C00D600C2 /* SchoolEventTableView.storyboard in Resources */,
				DA19F3491D6BD9C300278FA2 /* CreateEvent.storyboard in Resources */,
				DA19F3591D76BF5900278FA2 /* Email-Icon.png in Resources */,
				DAA6A4441CEE3FE50061DFE1 /* Profile.storyboard in Resources */,
				DA19F3331D67A2EC00278FA2 /* saved.png in Resources */,
				DAE0CBB81CEE9C3C00FE69E3 /* Main.storyboard in Resources */,
				DA19F3461D6BA20F00278FA2 /* privateEvent-icon.png in Resources */,
				DA19F3471D6BA20F00278FA2 /* publicEvent-icon.png in Resources */,
				DAA6A4071CEE2C000061DFE1 /* Assets.xcassets in Resources */,
				DA19F32F1D67A26900278FA2 /* notifications-icon.png in Resources */,
				DA19F3311D67A2AA00278FA2 /* search.png in Resources */,
				DA03F4BA1CF8141A00DE0C33 /* SideMenuTableViewCell.xib in Resources */,
				DA19F3571D76BF5500278FA2 /* password-icon.png in Resources */,
				DA8587BF1D47367700D600C2 /* SchoolTableViewCell.xib in Resources */,
				DA19F3551D76A4FA00278FA2 /* logo.png in Resources */,
				DAA6A4341CEE2FD40061DFE1 /* icon-profile.png in Resources */,
				DA19F33B1D67AF6600278FA2 /* add-icon.png in Resources */,
			);
			runOnlyForDeploymentPostprocessing = 0;
		};
		DAA6A40E1CEE2C000061DFE1 /* Resources */ = {
			isa = PBXResourcesBuildPhase;
			buildActionMask = 2147483647;
			files = (
			);
			runOnlyForDeploymentPostprocessing = 0;
		};
		DAA6A4191CEE2C000061DFE1 /* Resources */ = {
			isa = PBXResourcesBuildPhase;
			buildActionMask = 2147483647;
			files = (
			);
			runOnlyForDeploymentPostprocessing = 0;
		};
/* End PBXResourcesBuildPhase section */

/* Begin PBXShellScriptBuildPhase section */
		093266FE94DDB027564A9178 /* [CP] Embed Pods Frameworks */ = {
			isa = PBXShellScriptBuildPhase;
			buildActionMask = 2147483647;
			files = (
			);
			inputPaths = (
			);
			name = "[CP] Embed Pods Frameworks";
			outputPaths = (
			);
			runOnlyForDeploymentPostprocessing = 0;
			shellPath = /bin/sh;
			shellScript = "\"${SRCROOT}/Pods/Target Support Files/Pods-Zanga_0.2/Pods-Zanga_0.2-frameworks.sh\"\n";
			showEnvVarsInLog = 0;
		};
		2CE1A594181458C84FC3955D /* [CP] Copy Pods Resources */ = {
			isa = PBXShellScriptBuildPhase;
			buildActionMask = 2147483647;
			files = (
			);
			inputPaths = (
			);
			name = "[CP] Copy Pods Resources";
			outputPaths = (
			);
			runOnlyForDeploymentPostprocessing = 0;
			shellPath = /bin/sh;
			shellScript = "\"${SRCROOT}/Pods/Target Support Files/Pods-Zanga_0.2/Pods-Zanga_0.2-resources.sh\"\n";
			showEnvVarsInLog = 0;
		};
		6B5D9C26B89C900FBB10FABD /* [CP] Check Pods Manifest.lock */ = {
			isa = PBXShellScriptBuildPhase;
			buildActionMask = 2147483647;
			files = (
			);
			inputPaths = (
			);
			name = "[CP] Check Pods Manifest.lock";
			outputPaths = (
			);
			runOnlyForDeploymentPostprocessing = 0;
			shellPath = /bin/sh;
			shellScript = "diff \"${PODS_ROOT}/../Podfile.lock\" \"${PODS_ROOT}/Manifest.lock\" > /dev/null\nif [[ $? != 0 ]] ; then\n    cat << EOM\nerror: The sandbox is not in sync with the Podfile.lock. Run 'pod install' or update your CocoaPods installation.\nEOM\n    exit 1\nfi\n";
			showEnvVarsInLog = 0;
		};
		70E9FFCB3AA888803274A28D /* [CP] Copy Pods Resources */ = {
			isa = PBXShellScriptBuildPhase;
			buildActionMask = 2147483647;
			files = (
			);
			inputPaths = (
			);
			name = "[CP] Copy Pods Resources";
			outputPaths = (
			);
			runOnlyForDeploymentPostprocessing = 0;
			shellPath = /bin/sh;
			shellScript = "\"${SRCROOT}/Pods/Target Support Files/Pods-Zanga_0.2UITests/Pods-Zanga_0.2UITests-resources.sh\"\n";
			showEnvVarsInLog = 0;
		};
		997C2FA261A73826F7636927 /* [CP] Copy Pods Resources */ = {
			isa = PBXShellScriptBuildPhase;
			buildActionMask = 2147483647;
			files = (
			);
			inputPaths = (
			);
			name = "[CP] Copy Pods Resources";
			outputPaths = (
			);
			runOnlyForDeploymentPostprocessing = 0;
			shellPath = /bin/sh;
			shellScript = "\"${SRCROOT}/Pods/Target Support Files/Pods-Zanga_0.2Tests/Pods-Zanga_0.2Tests-resources.sh\"\n";
			showEnvVarsInLog = 0;
		};
		A5D88A824CFC45E09F02E969 /* [CP] Check Pods Manifest.lock */ = {
			isa = PBXShellScriptBuildPhase;
			buildActionMask = 2147483647;
			files = (
			);
			inputPaths = (
			);
			name = "[CP] Check Pods Manifest.lock";
			outputPaths = (
			);
			runOnlyForDeploymentPostprocessing = 0;
			shellPath = /bin/sh;
			shellScript = "diff \"${PODS_ROOT}/../Podfile.lock\" \"${PODS_ROOT}/Manifest.lock\" > /dev/null\nif [[ $? != 0 ]] ; then\n    cat << EOM\nerror: The sandbox is not in sync with the Podfile.lock. Run 'pod install' or update your CocoaPods installation.\nEOM\n    exit 1\nfi\n";
			showEnvVarsInLog = 0;
		};
		E0CFF6ACB20A7DBDB015C8C9 /* [CP] Embed Pods Frameworks */ = {
			isa = PBXShellScriptBuildPhase;
			buildActionMask = 2147483647;
			files = (
			);
			inputPaths = (
			);
			name = "[CP] Embed Pods Frameworks";
			outputPaths = (
			);
			runOnlyForDeploymentPostprocessing = 0;
			shellPath = /bin/sh;
			shellScript = "\"${SRCROOT}/Pods/Target Support Files/Pods-Zanga_0.2Tests/Pods-Zanga_0.2Tests-frameworks.sh\"\n";
			showEnvVarsInLog = 0;
		};
		E11543A369DA994499C05168 /* [CP] Check Pods Manifest.lock */ = {
			isa = PBXShellScriptBuildPhase;
			buildActionMask = 2147483647;
			files = (
			);
			inputPaths = (
			);
			name = "[CP] Check Pods Manifest.lock";
			outputPaths = (
			);
			runOnlyForDeploymentPostprocessing = 0;
			shellPath = /bin/sh;
			shellScript = "diff \"${PODS_ROOT}/../Podfile.lock\" \"${PODS_ROOT}/Manifest.lock\" > /dev/null\nif [[ $? != 0 ]] ; then\n    cat << EOM\nerror: The sandbox is not in sync with the Podfile.lock. Run 'pod install' or update your CocoaPods installation.\nEOM\n    exit 1\nfi\n";
			showEnvVarsInLog = 0;
		};
/* End PBXShellScriptBuildPhase section */

/* Begin PBXSourcesBuildPhase section */
		DAA6A3F61CEE2C000061DFE1 /* Sources */ = {
			isa = PBXSourcesBuildPhase;
			buildActionMask = 2147483647;
			files = (
				DA19F3511D768A0100278FA2 /* LoginViewController.swift in Sources */,
				DA30EB451D471062001AF178 /* UIView+WebCacheOperation.m in Sources */,
				DAA6A44B1CEE489F0061DFE1 /* HostingTableViewController.swift in Sources */,
				DA19F33D1D67BCE800278FA2 /* CustomTabBarController.swift in Sources */,
				DAA6A4461CEE46EC0061DFE1 /* MyCrowdTableViewController.swift in Sources */,
				DA30EB431D471062001AF178 /* UIImageView+HighlightedWebCache.m in Sources */,
				DA1287F41CF1565F00DE6527 /* SWRevealViewController.m in Sources */,
				DA03F4B91CF8141A00DE0C33 /* SideMenuTableViewCell.swift in Sources */,
				DAE0CBBC1CEED7D400FE69E3 /* EventsViewController.swift in Sources */,
				DA30EB3D1D471062001AF178 /* SDWebImageManager.m in Sources */,
				DA19F34D1D6C3FA800278FA2 /* CreatePrivateEventViewController.swift in Sources */,
				DA30EB3A1D471062001AF178 /* SDWebImageDecoder.m in Sources */,
				DA8587CB1D4DB60D00D600C2 /* EventInfoViewController.swift in Sources */,
				DAD7FFF01CF172B800375BFE /* SideMenuTableViewController.swift in Sources */,
				DAA6A3FE1CEE2C000061DFE1 /* AppDelegate.swift in Sources */,
				DA30EB3E1D471062001AF178 /* SDWebImagePrefetcher.m in Sources */,
				DA30EB441D471062001AF178 /* UIImageView+WebCache.m in Sources */,
				DAE0CBB41CEE787B00FE69E3 /* ProfileViewController.swift in Sources */,
				DA8587C31D4AFBC600D600C2 /* SchoolEvent_StoryBoardTableViewCell.swift in Sources */,
				DA30EB081D46CFD5001AF178 /* Event.swift in Sources */,
				DAE0CBC31CEED8C300FE69E3 /* MyEventsTableViewController.swift in Sources */,
				DA30EB401D471062001AF178 /* UIImage+GIF.m in Sources */,
				DA19F3171D67945200278FA2 /* myExtensions.swift in Sources */,
				DA30EB421D471062001AF178 /* UIImage+WebP.m in Sources */,
				DA30EB371D471061001AF178 /* NSData+ImageContentType.m in Sources */,
				DA30EB391D471061001AF178 /* SDWebImageCompat.m in Sources */,
				DA19F3531D769AA300278FA2 /* SignLoginViewController.swift in Sources */,
				DAE0CBC11CEED8B300FE69E3 /* NotSchoolTableViewController.swift in Sources */,
				DA30EB0B1D46E9C1001AF178 /* SchoolTableViewCell.swift in Sources */,
				DA30EB381D471061001AF178 /* SDImageCache.m in Sources */,
				DA30EB3B1D471062001AF178 /* SDWebImageDownloader.m in Sources */,
				DAA6A4491CEE47B30061DFE1 /* InvitationsTableViewController.swift in Sources */,
				DAA6A44D1CEE515D0061DFE1 /* CAPSPageMenu.swift in Sources */,
				DA30EB411D471062001AF178 /* UIImage+MultiFormat.m in Sources */,
				DA30EB3F1D471062001AF178 /* UIButton+WebCache.m in Sources */,
				DA19F34B1D6C3F9200278FA2 /* CreatePublicEventViewController.swift in Sources */,
				DA19F34F1D6F4D6600278FA2 /* NotificationsTableViewController.swift in Sources */,
				DA8587C51D4C0C6A00D600C2 /* StyleSheet.swift in Sources */,
				DA8527DF1CEEE956001EEA31 /* PersonalProfileViewController.swift in Sources */,
				DA30EB361D471061001AF178 /* MKAnnotationView+WebCache.m in Sources */,
				DA30EB3C1D471062001AF178 /* SDWebImageDownloaderOperation.m in Sources */,
				DA30EB0F1D46EA17001AF178 /* SchoolTableViewController.swift in Sources */,
				DAE0CBC51CEEDA1800FE69E3 /* CreateEventViewController.swift in Sources */,
			);
			runOnlyForDeploymentPostprocessing = 0;
		};
		DAA6A40C1CEE2C000061DFE1 /* Sources */ = {
			isa = PBXSourcesBuildPhase;
			buildActionMask = 2147483647;
			files = (
				DAA6A4151CEE2C000061DFE1 /* Zanga_0_2Tests.swift in Sources */,
			);
			runOnlyForDeploymentPostprocessing = 0;
		};
		DAA6A4171CEE2C000061DFE1 /* Sources */ = {
			isa = PBXSourcesBuildPhase;
			buildActionMask = 2147483647;
			files = (
				DAA6A4201CEE2C000061DFE1 /* Zanga_0_2UITests.swift in Sources */,
			);
			runOnlyForDeploymentPostprocessing = 0;
		};
/* End PBXSourcesBuildPhase section */

/* Begin PBXTargetDependency section */
		DAA6A4121CEE2C000061DFE1 /* PBXTargetDependency */ = {
			isa = PBXTargetDependency;
			target = DAA6A3F91CEE2C000061DFE1 /* Zanga_0.2 */;
			targetProxy = DAA6A4111CEE2C000061DFE1 /* PBXContainerItemProxy */;
		};
		DAA6A41D1CEE2C000061DFE1 /* PBXTargetDependency */ = {
			isa = PBXTargetDependency;
			target = DAA6A3F91CEE2C000061DFE1 /* Zanga_0.2 */;
			targetProxy = DAA6A41C1CEE2C000061DFE1 /* PBXContainerItemProxy */;
		};
/* End PBXTargetDependency section */

/* Begin PBXVariantGroup section */
		DAA6A4081CEE2C000061DFE1 /* LaunchScreen.storyboard */ = {
			isa = PBXVariantGroup;
			children = (
				DAA6A4091CEE2C000061DFE1 /* Base */,
			);
			name = LaunchScreen.storyboard;
			sourceTree = "<group>";
		};
/* End PBXVariantGroup section */

/* Begin XCBuildConfiguration section */
		DAA6A4221CEE2C000061DFE1 /* Debug */ = {
			isa = XCBuildConfiguration;
			buildSettings = {
				ALWAYS_SEARCH_USER_PATHS = NO;
				CLANG_ANALYZER_NONNULL = YES;
				CLANG_CXX_LANGUAGE_STANDARD = "gnu++0x";
				CLANG_CXX_LIBRARY = "libc++";
				CLANG_ENABLE_MODULES = YES;
				CLANG_ENABLE_OBJC_ARC = YES;
				CLANG_ENABLE_OBJC_WEAK = YES;
				CLANG_WARN_BOOL_CONVERSION = YES;
				CLANG_WARN_CONSTANT_CONVERSION = YES;
				CLANG_WARN_DIRECT_OBJC_ISA_USAGE = YES_ERROR;
				CLANG_WARN_EMPTY_BODY = YES;
				CLANG_WARN_ENUM_CONVERSION = YES;
				CLANG_WARN_INT_CONVERSION = YES;
				CLANG_WARN_OBJC_ROOT_CLASS = YES_ERROR;
				CLANG_WARN_UNREACHABLE_CODE = YES;
				CLANG_WARN__DUPLICATE_METHOD_MATCH = YES;
				"CODE_SIGN_IDENTITY[sdk=iphoneos*]" = "iPhone Developer";
				COPY_PHASE_STRIP = NO;
				DEBUG_INFORMATION_FORMAT = dwarf;
				ENABLE_STRICT_OBJC_MSGSEND = YES;
				ENABLE_TESTABILITY = YES;
				GCC_C_LANGUAGE_STANDARD = gnu99;
				GCC_DYNAMIC_NO_PIC = NO;
				GCC_NO_COMMON_BLOCKS = YES;
				GCC_OPTIMIZATION_LEVEL = 0;
				GCC_PREPROCESSOR_DEFINITIONS = (
					"DEBUG=1",
					"$(inherited)",
				);
				GCC_WARN_64_TO_32_BIT_CONVERSION = YES;
				GCC_WARN_ABOUT_RETURN_TYPE = YES_ERROR;
				GCC_WARN_UNDECLARED_SELECTOR = YES;
				GCC_WARN_UNINITIALIZED_AUTOS = YES_AGGRESSIVE;
				GCC_WARN_UNUSED_FUNCTION = YES;
				GCC_WARN_UNUSED_VARIABLE = YES;
				IPHONEOS_DEPLOYMENT_TARGET = 9.3;
				MTL_ENABLE_DEBUG_INFO = YES;
				ONLY_ACTIVE_ARCH = YES;
				SDKROOT = iphoneos;
				SWIFT_OPTIMIZATION_LEVEL = "-Onone";
			};
			name = Debug;
		};
		DAA6A4231CEE2C000061DFE1 /* Release */ = {
			isa = XCBuildConfiguration;
			buildSettings = {
				ALWAYS_SEARCH_USER_PATHS = NO;
				CLANG_ANALYZER_NONNULL = YES;
				CLANG_CXX_LANGUAGE_STANDARD = "gnu++0x";
				CLANG_CXX_LIBRARY = "libc++";
				CLANG_ENABLE_MODULES = YES;
				CLANG_ENABLE_OBJC_ARC = YES;
				CLANG_ENABLE_OBJC_WEAK = YES;
				CLANG_WARN_BOOL_CONVERSION = YES;
				CLANG_WARN_CONSTANT_CONVERSION = YES;
				CLANG_WARN_DIRECT_OBJC_ISA_USAGE = YES_ERROR;
				CLANG_WARN_EMPTY_BODY = YES;
				CLANG_WARN_ENUM_CONVERSION = YES;
				CLANG_WARN_INT_CONVERSION = YES;
				CLANG_WARN_OBJC_ROOT_CLASS = YES_ERROR;
				CLANG_WARN_UNREACHABLE_CODE = YES;
				CLANG_WARN__DUPLICATE_METHOD_MATCH = YES;
				"CODE_SIGN_IDENTITY[sdk=iphoneos*]" = "iPhone Developer";
				COPY_PHASE_STRIP = NO;
				DEBUG_INFORMATION_FORMAT = "dwarf-with-dsym";
				ENABLE_NS_ASSERTIONS = NO;
				ENABLE_STRICT_OBJC_MSGSEND = YES;
				GCC_C_LANGUAGE_STANDARD = gnu99;
				GCC_NO_COMMON_BLOCKS = YES;
				GCC_WARN_64_TO_32_BIT_CONVERSION = YES;
				GCC_WARN_ABOUT_RETURN_TYPE = YES_ERROR;
				GCC_WARN_UNDECLARED_SELECTOR = YES;
				GCC_WARN_UNINITIALIZED_AUTOS = YES_AGGRESSIVE;
				GCC_WARN_UNUSED_FUNCTION = YES;
				GCC_WARN_UNUSED_VARIABLE = YES;
				IPHONEOS_DEPLOYMENT_TARGET = 9.3;
				MTL_ENABLE_DEBUG_INFO = NO;
				SDKROOT = iphoneos;
				VALIDATE_PRODUCT = YES;
			};
			name = Release;
		};
		DAA6A4251CEE2C000061DFE1 /* Debug */ = {
			isa = XCBuildConfiguration;
			baseConfigurationReference = C5F6AA45C3547CE9B22AFA43 /* Pods-Zanga_0.2.debug.xcconfig */;
			buildSettings = {
				ASSETCATALOG_COMPILER_APPICON_NAME = AppIcon;
				CLANG_ENABLE_MODULES = YES;
				CODE_SIGN_IDENTITY = "iPhone Developer";
				"CODE_SIGN_IDENTITY[sdk=iphoneos*]" = "iPhone Developer";
				FRAMEWORK_SEARCH_PATHS = (
					"$(inherited)",
					"$(PROJECT_DIR)/Zanga_0.2",
					"$(PROJECT_DIR)",
				);
				INFOPLIST_FILE = Zanga_0.2/Info.plist;
				LD_RUNPATH_SEARCH_PATHS = "$(inherited) @executable_path/Frameworks";
				PRODUCT_BUNDLE_IDENTIFIER = "com.paulgrid.Zanga-0-2";
				PRODUCT_NAME = "$(TARGET_NAME)";
				PROVISIONING_PROFILE = "";
				SWIFT_INSTALL_OBJC_HEADER = YES;
				SWIFT_OBJC_BRIDGING_HEADER = "Zanga_0.2/Zanga_0.2-Bridging-Header.h";
				SWIFT_OPTIMIZATION_LEVEL = "-Onone";
			};
			name = Debug;
		};
		DAA6A4261CEE2C000061DFE1 /* Release */ = {
			isa = XCBuildConfiguration;
			baseConfigurationReference = 15D6B8FC3B6EE779520EC8B2 /* Pods-Zanga_0.2.release.xcconfig */;
			buildSettings = {
				ASSETCATALOG_COMPILER_APPICON_NAME = AppIcon;
				CLANG_ENABLE_MODULES = YES;
				CODE_SIGN_IDENTITY = "iPhone Developer";
				"CODE_SIGN_IDENTITY[sdk=iphoneos*]" = "iPhone Developer";
				FRAMEWORK_SEARCH_PATHS = (
					"$(inherited)",
					"$(PROJECT_DIR)/Zanga_0.2",
					"$(PROJECT_DIR)",
				);
				INFOPLIST_FILE = Zanga_0.2/Info.plist;
				LD_RUNPATH_SEARCH_PATHS = "$(inherited) @executable_path/Frameworks";
				PRODUCT_BUNDLE_IDENTIFIER = "com.paulgrid.Zanga-0-2";
				PRODUCT_NAME = "$(TARGET_NAME)";
				PROVISIONING_PROFILE = "";
				SWIFT_INSTALL_OBJC_HEADER = YES;
				SWIFT_OBJC_BRIDGING_HEADER = "Zanga_0.2/Zanga_0.2-Bridging-Header.h";
			};
			name = Release;
		};
		DAA6A4281CEE2C000061DFE1 /* Debug */ = {
			isa = XCBuildConfiguration;
			baseConfigurationReference = 8212FB415695449C58D5806E /* Pods-Zanga_0.2Tests.debug.xcconfig */;
			buildSettings = {
				BUNDLE_LOADER = "$(TEST_HOST)";
				INFOPLIST_FILE = Zanga_0.2Tests/Info.plist;
				LD_RUNPATH_SEARCH_PATHS = "$(inherited) @executable_path/Frameworks @loader_path/Frameworks";
				PRODUCT_BUNDLE_IDENTIFIER = "com.paulgrid.Zanga-0-2Tests";
				PRODUCT_NAME = "$(TARGET_NAME)";
				TEST_HOST = "$(BUILT_PRODUCTS_DIR)/Zanga_0.2.app/Zanga_0.2";
			};
			name = Debug;
		};
		DAA6A4291CEE2C000061DFE1 /* Release */ = {
			isa = XCBuildConfiguration;
			baseConfigurationReference = 4F48D5D41AE4FC3BF3F29ADC /* Pods-Zanga_0.2Tests.release.xcconfig */;
			buildSettings = {
				BUNDLE_LOADER = "$(TEST_HOST)";
				INFOPLIST_FILE = Zanga_0.2Tests/Info.plist;
				LD_RUNPATH_SEARCH_PATHS = "$(inherited) @executable_path/Frameworks @loader_path/Frameworks";
				PRODUCT_BUNDLE_IDENTIFIER = "com.paulgrid.Zanga-0-2Tests";
				PRODUCT_NAME = "$(TARGET_NAME)";
				TEST_HOST = "$(BUILT_PRODUCTS_DIR)/Zanga_0.2.app/Zanga_0.2";
			};
			name = Release;
		};
		DAA6A42B1CEE2C000061DFE1 /* Debug */ = {
			isa = XCBuildConfiguration;
			baseConfigurationReference = D2366ACDDCE86AB9B9867BE2 /* Pods-Zanga_0.2UITests.debug.xcconfig */;
			buildSettings = {
				INFOPLIST_FILE = Zanga_0.2UITests/Info.plist;
				LD_RUNPATH_SEARCH_PATHS = "$(inherited) @executable_path/Frameworks @loader_path/Frameworks";
				PRODUCT_BUNDLE_IDENTIFIER = "com.paulgrid.Zanga-0-2UITests";
				PRODUCT_NAME = "$(TARGET_NAME)";
				TEST_TARGET_NAME = Zanga_0.2;
			};
			name = Debug;
		};
		DAA6A42C1CEE2C000061DFE1 /* Release */ = {
			isa = XCBuildConfiguration;
			baseConfigurationReference = 119C79EB298C1D20B10C6568 /* Pods-Zanga_0.2UITests.release.xcconfig */;
			buildSettings = {
				INFOPLIST_FILE = Zanga_0.2UITests/Info.plist;
				LD_RUNPATH_SEARCH_PATHS = "$(inherited) @executable_path/Frameworks @loader_path/Frameworks";
				PRODUCT_BUNDLE_IDENTIFIER = "com.paulgrid.Zanga-0-2UITests";
				PRODUCT_NAME = "$(TARGET_NAME)";
				TEST_TARGET_NAME = Zanga_0.2;
			};
			name = Release;
		};
/* End XCBuildConfiguration section */

/* Begin XCConfigurationList section */
		DAA6A3F51CEE2C000061DFE1 /* Build configuration list for PBXProject "Zanga_0.2" */ = {
			isa = XCConfigurationList;
			buildConfigurations = (
				DAA6A4221CEE2C000061DFE1 /* Debug */,
				DAA6A4231CEE2C000061DFE1 /* Release */,
			);
			defaultConfigurationIsVisible = 0;
			defaultConfigurationName = Release;
		};
		DAA6A4241CEE2C000061DFE1 /* Build configuration list for PBXNativeTarget "Zanga_0.2" */ = {
			isa = XCConfigurationList;
			buildConfigurations = (
				DAA6A4251CEE2C000061DFE1 /* Debug */,
				DAA6A4261CEE2C000061DFE1 /* Release */,
			);
			defaultConfigurationIsVisible = 0;
			defaultConfigurationName = Release;
		};
		DAA6A4271CEE2C000061DFE1 /* Build configuration list for PBXNativeTarget "Zanga_0.2Tests" */ = {
			isa = XCConfigurationList;
			buildConfigurations = (
				DAA6A4281CEE2C000061DFE1 /* Debug */,
				DAA6A4291CEE2C000061DFE1 /* Release */,
			);
			defaultConfigurationIsVisible = 0;
			defaultConfigurationName = Release;
		};
		DAA6A42A1CEE2C000061DFE1 /* Build configuration list for PBXNativeTarget "Zanga_0.2UITests" */ = {
			isa = XCConfigurationList;
			buildConfigurations = (
				DAA6A42B1CEE2C000061DFE1 /* Debug */,
				DAA6A42C1CEE2C000061DFE1 /* Release */,
			);
			defaultConfigurationIsVisible = 0;
			defaultConfigurationName = Release;
		};
/* End XCConfigurationList section */
	};
	rootObject = DAA6A3F21CEE2C000061DFE1 /* Project object */;
}
